
Microsoft Visual Studio Solution File, Format Version 12.00
# Visual Studio Version 17
VisualStudioVersion = 17.8.34316.72
MinimumVisualStudioVersion = 10.0.40219.1
Project("{FAE04EC0-301F-11D3-BF4B-00C04F79EFBC}") = "RateMyFit.Server", "RateMyFit\Server\RateMyFit.Server.csproj", "{4AF4A848-4A6C-4FD8-B718-0946AAA8E4FD}"
EndProject
Project("{FAE04EC0-301F-11D3-BF4B-00C04F79EFBC}") = "RateMyFit.Client", "RateMyFit\Client\RateMyFit.Client.csproj", "{2876C7A4-7728-446E-B8BF-0E8DB578CE7F}"
EndProject
Project("{FAE04EC0-301F-11D3-BF4B-00C04F79EFBC}") = "RateMyFit.Shared", "RateMyFit\Shared\RateMyFit.Shared.csproj", "{4DAA713F-36F9-4FD9-AD87-5FFA8BB18CFF}"
EndProject
Global
	GlobalSection(SolutionConfigurationPlatforms) = preSolution
		Debug|Any CPU = Debug|Any CPU
		Release|Any CPU = Release|Any CPU
	EndGlobalSection
	GlobalSection(ProjectConfigurationPlatforms) = postSolution
		{4AF4A848-4A6C-4FD8-B718-0946AAA8E4FD}.Debug|Any CPU.ActiveCfg = Debug|Any CPU
		{4AF4A848-4A6C-4FD8-B718-0946AAA8E4FD}.Debug|Any CPU.Build.0 = Debug|Any CPU
		{4AF4A848-4A6C-4FD8-B718-0946AAA8E4FD}.Release|Any CPU.ActiveCfg = Release|Any CPU
		{4AF4A848-4A6C-4FD8-B718-0946AAA8E4FD}.Release|Any CPU.Build.0 = Release|Any CPU
		{2876C7A4-7728-446E-B8BF-0E8DB578CE7F}.Debug|Any CPU.ActiveCfg = Debug|Any CPU
		{2876C7A4-7728-446E-B8BF-0E8DB578CE7F}.Debug|Any CPU.Build.0 = Debug|Any CPU
		{2876C7A4-7728-446E-B8BF-0E8DB578CE7F}.Release|Any CPU.ActiveCfg = Release|Any CPU
		{2876C7A4-7728-446E-B8BF-0E8DB578CE7F}.Release|Any CPU.Build.0 = Release|Any CPU
		{4DAA713F-36F9-4FD9-AD87-5FFA8BB18CFF}.Debug|Any CPU.ActiveCfg = Debug|Any CPU
		{4DAA713F-36F9-4FD9-AD87-5FFA8BB18CFF}.Debug|Any CPU.Build.0 = Debug|Any CPU
		{4DAA713F-36F9-4FD9-AD87-5FFA8BB18CFF}.Release|Any CPU.ActiveCfg = Release|Any CPU
		{4DAA713F-36F9-4FD9-AD87-5FFA8BB18CFF}.Release|Any CPU.Build.0 = Release|Any CPU
	EndGlobalSection
	GlobalSection(SolutionProperties) = preSolution
		HideSolutionNode = FALSE
	EndGlobalSection
	GlobalSection(ExtensibilityGlobals) = postSolution
		SolutionGuid = {DFA0DEAF-60E0-4C14-8E2D-C37B401E9A1E}
	EndGlobalSection
EndGlobal
